// !$*UTF8*$!
{
	archiveVersion = 1;
	classes = {
	};
	objectVersion = 56;
	objects = {

/* Begin PBXBuildFile section */
		7D81624B2A9FCBDE00AFDA3A /* SleepCalculator.mlmodel in Sources */ = {isa = PBXBuildFile; fileRef = 7D81624A2A9FCBDE00AFDA3A /* SleepCalculator.mlmodel */; };
		7DAF934B2A9F644600EF1E7F /* betterRestApp.swift in Sources */ = {isa = PBXBuildFile; fileRef = 7DAF934A2A9F644600EF1E7F /* betterRestApp.swift */; };
		7DAF934D2A9F644600EF1E7F /* ContentView.swift in Sources */ = {isa = PBXBuildFile; fileRef = 7DAF934C2A9F644600EF1E7F /* ContentView.swift */; };
		7DAF934F2A9F644700EF1E7F /* Assets.xcassets in Resources */ = {isa = PBXBuildFile; fileRef = 7DAF934E2A9F644700EF1E7F /* Assets.xcassets */; };
		7DAF93522A9F644700EF1E7F /* Preview Assets.xcassets in Resources */ = {isa = PBXBuildFile; fileRef = 7DAF93512A9F644700EF1E7F /* Preview Assets.xcassets */; };
		7DAF935C2A9F644700EF1E7F /* betterRestTests.swift in Sources */ = {isa = PBXBuildFile; fileRef = 7DAF935B2A9F644700EF1E7F /* betterRestTests.swift */; };
		7DAF93662A9F644700EF1E7F /* betterRestUITests.swift in Sources */ = {isa = PBXBuildFile; fileRef = 7DAF93652A9F644700EF1E7F /* betterRestUITests.swift */; };
		7DAF93682A9F644700EF1E7F /* betterRestUITestsLaunchTests.swift in Sources */ = {isa = PBXBuildFile; fileRef = 7DAF93672A9F644700EF1E7F /* betterRestUITestsLaunchTests.swift */; };
/* End PBXBuildFile section */

/* Begin PBXContainerItemProxy section */
		7DAF93582A9F644700EF1E7F /* PBXContainerItemProxy */ = {
			isa = PBXContainerItemProxy;
			containerPortal = 7DAF933F2A9F644600EF1E7F /* Project object */;
			proxyType = 1;
			remoteGlobalIDString = 7DAF93462A9F644600EF1E7F;
			remoteInfo = betterRest;
		};
		7DAF93622A9F644700EF1E7F /* PBXContainerItemProxy */ = {
			isa = PBXContainerItemProxy;
			containerPortal = 7DAF933F2A9F644600EF1E7F /* Project object */;
			proxyType = 1;
			remoteGlobalIDString = 7DAF93462A9F644600EF1E7F;
			remoteInfo = betterRest;
		};
/* End PBXContainerItemProxy section */

/* Begin PBXFileReference section */
		7D81624A2A9FCBDE00AFDA3A /* SleepCalculator.mlmodel */ = {isa = PBXFileReference; lastKnownFileType = file.mlmodel; path = SleepCalculator.mlmodel; sourceTree = "<group>"; };
		7DAF93472A9F644600EF1E7F /* betterRest.app */ = {isa = PBXFileReference; explicitFileType = wrapper.application; includeInIndex = 0; path = betterRest.app; sourceTree = BUILT_PRODUCTS_DIR; };
		7DAF934A2A9F644600EF1E7F /* betterRestApp.swift */ = {isa = PBXFileReference; lastKnownFileType = sourcecode.swift; path = betterRestApp.swift; sourceTree = "<group>"; };
		7DAF934C2A9F644600EF1E7F /* ContentView.swift */ = {isa = PBXFileReference; lastKnownFileType = sourcecode.swift; path = ContentView.swift; sourceTree = "<group>"; };
		7DAF934E2A9F644700EF1E7F /* Assets.xcassets */ = {isa = PBXFileReference; lastKnownFileType = folder.assetcatalog; path = Assets.xcassets; sourceTree = "<group>"; };
		7DAF93512A9F644700EF1E7F /* Preview Assets.xcassets */ = {isa = PBXFileReference; lastKnownFileType = folder.assetcatalog; path = "Preview Assets.xcassets"; sourceTree = "<group>"; };
		7DAF93572A9F644700EF1E7F /* betterRestTests.xctest */ = {isa = PBXFileReference; explicitFileType = wrapper.cfbundle; includeInIndex = 0; path = betterRestTests.xctest; sourceTree = BUILT_PRODUCTS_DIR; };
		7DAF935B2A9F644700EF1E7F /* betterRestTests.swift */ = {isa = PBXFileReference; lastKnownFileType = sourcecode.swift; path = betterRestTests.swift; sourceTree = "<group>"; };
		7DAF93612A9F644700EF1E7F /* betterRestUITests.xctest */ = {isa = PBXFileReference; explicitFileType = wrapper.cfbundle; includeInIndex = 0; path = betterRestUITests.xctest; sourceTree = BUILT_PRODUCTS_DIR; };
		7DAF93652A9F644700EF1E7F /* betterRestUITests.swift */ = {isa = PBXFileReference; lastKnownFileType = sourcecode.swift; path = betterRestUITests.swift; sourceTree = "<group>"; };
		7DAF93672A9F644700EF1E7F /* betterRestUITestsLaunchTests.swift */ = {isa = PBXFileReference; lastKnownFileType = sourcecode.swift; path = betterRestUITestsLaunchTests.swift; sourceTree = "<group>"; };
/* End PBXFileReference section */

/* Begin PBXFrameworksBuildPhase section */
		7DAF93442A9F644600EF1E7F /* Frameworks */ = {
			isa = PBXFrameworksBuildPhase;
			buildActionMask = 2147483647;
			files = (
			);
			runOnlyForDeploymentPostprocessing = 0;
		};
		7DAF93542A9F644700EF1E7F /* Frameworks */ = {
			isa = PBXFrameworksBuildPhase;
			buildActionMask = 2147483647;
			files = (
			);
			runOnlyForDeploymentPostprocessing = 0;
		};
		7DAF935E2A9F644700EF1E7F /* Frameworks */ = {
			isa = PBXFrameworksBuildPhase;
			buildActionMask = 2147483647;
			files = (
			);
			runOnlyForDeploymentPostprocessing = 0;
		};
/* End PBXFrameworksBuildPhase section */

/* Begin PBXGroup section */
		7DAF933E2A9F644600EF1E7F = {
			isa = PBXGroup;
			children = (
				7DAF93492A9F644600EF1E7F /* betterRest */,
				7DAF935A2A9F644700EF1E7F /* betterRestTests */,
				7DAF93642A9F644700EF1E7F /* betterRestUITests */,
				7DAF93482A9F644600EF1E7F /* Products */,
			);
			sourceTree = "<group>";
		};
		7DAF93482A9F644600EF1E7F /* Products */ = {
			isa = PBXGroup;
			children = (
				7DAF93472A9F644600EF1E7F /* betterRest.app */,
				7DAF93572A9F644700EF1E7F /* betterRestTests.xctest */,
				7DAF93612A9F644700EF1E7F /* betterRestUITests.xctest */,
			);
			name = Products;
			sourceTree = "<group>";
		};
		7DAF93492A9F644600EF1E7F /* betterRest */ = {
			isa = PBXGroup;
			children = (
				7DAF934A2A9F644600EF1E7F /* betterRestApp.swift */,
				7DAF934C2A9F644600EF1E7F /* ContentView.swift */,
				7D81624A2A9FCBDE00AFDA3A /* SleepCalculator.mlmodel */,
				7DAF934E2A9F644700EF1E7F /* Assets.xcassets */,
				7DAF93502A9F644700EF1E7F /* Preview Content */,
			);
			path = betterRest;
			sourceTree = "<group>";
		};
		7DAF93502A9F644700EF1E7F /* Preview Content */ = {
			isa = PBXGroup;
			children = (
				7DAF93512A9F644700EF1E7F /* Preview Assets.xcassets */,
			);
			path = "Preview Content";
			sourceTree = "<group>";
		};
		7DAF935A2A9F644700EF1E7F /* betterRestTests */ = {
			isa = PBXGroup;
			children = (
				7DAF935B2A9F644700EF1E7F /* betterRestTests.swift */,
			);
			path = betterRestTests;
			sourceTree = "<group>";
		};
		7DAF93642A9F644700EF1E7F /* betterRestUITests */ = {
			isa = PBXGroup;
			children = (
				7DAF93652A9F644700EF1E7F /* betterRestUITests.swift */,
				7DAF93672A9F644700EF1E7F /* betterRestUITestsLaunchTests.swift */,
			);
			path = betterRestUITests;
			sourceTree = "<group>";
		};
/* End PBXGroup section */

/* Begin PBXNativeTarget section */
		7DAF93462A9F644600EF1E7F /* betterRest */ = {
			isa = PBXNativeTarget;
			buildConfigurationList = 7DAF936B2A9F644700EF1E7F /* Build configuration list for PBXNativeTarget "betterRest" */;
			buildPhases = (
				7DAF93432A9F644600EF1E7F /* Sources */,
				7DAF93442A9F644600EF1E7F /* Frameworks */,
				7DAF93452A9F644600EF1E7F /* Resources */,
			);
			buildRules = (
			);
			dependencies = (
			);
			name = betterRest;
			productName = betterRest;
			productReference = 7DAF93472A9F644600EF1E7F /* betterRest.app */;
			productType = "com.apple.product-type.application";
		};
		7DAF93562A9F644700EF1E7F /* betterRestTests */ = {
			isa = PBXNativeTarget;
			buildConfigurationList = 7DAF936E2A9F644700EF1E7F /* Build configuration list for PBXNativeTarget "betterRestTests" */;
			buildPhases = (
				7DAF93532A9F644700EF1E7F /* Sources */,
				7DAF93542A9F644700EF1E7F /* Frameworks */,
				7DAF93552A9F644700EF1E7F /* Resources */,
			);
			buildRules = (
			);
			dependencies = (
				7DAF93592A9F644700EF1E7F /* PBXTargetDependency */,
			);
			name = betterRestTests;
			productName = betterRestTests;
			productReference = 7DAF93572A9F644700EF1E7F /* betterRestTests.xctest */;
			productType = "com.apple.product-type.bundle.unit-test";
		};
		7DAF93602A9F644700EF1E7F /* betterRestUITests */ = {
			isa = PBXNativeTarget;
			buildConfigurationList = 7DAF93712A9F644700EF1E7F /* Build configuration list for PBXNativeTarget "betterRestUITests" */;
			buildPhases = (
				7DAF935D2A9F644700EF1E7F /* Sources */,
				7DAF935E2A9F644700EF1E7F /* Frameworks */,
				7DAF935F2A9F644700EF1E7F /* Resources */,
			);
			buildRules = (
			);
			dependencies = (
				7DAF93632A9F644700EF1E7F /* PBXTargetDependency */,
			);
			name = betterRestUITests;
			productName = betterRestUITests;
			productReference = 7DAF93612A9F644700EF1E7F /* betterRestUITests.xctest */;
			productType = "com.apple.product-type.bundle.ui-testing";
		};
/* End PBXNativeTarget section */

/* Begin PBXProject section */
		7DAF933F2A9F644600EF1E7F /* Project object */ = {
			isa = PBXProject;
			attributes = {
				BuildIndependentTargetsInParallel = 1;
				LastSwiftUpdateCheck = 1430;
				LastUpgradeCheck = 1430;
				TargetAttributes = {
					7DAF93462A9F644600EF1E7F = {
						CreatedOnToolsVersion = 14.3.1;
					};
					7DAF93562A9F644700EF1E7F = {
						CreatedOnToolsVersion = 14.3.1;
						TestTargetID = 7DAF93462A9F644600EF1E7F;
					};
					7DAF93602A9F644700EF1E7F = {
						CreatedOnToolsVersion = 14.3.1;
						TestTargetID = 7DAF93462A9F644600EF1E7F;
					};
				};
			};
			buildConfigurationList = 7DAF93422A9F644600EF1E7F /* Build configuration list for PBXProject "betterRest" */;
			compatibilityVersion = "Xcode 14.0";
			developmentRegion = en;
			hasScannedForEncodings = 0;
			knownRegions = (
				en,
				Base,
			);
			mainGroup = 7DAF933E2A9F644600EF1E7F;
			productRefGroup = 7DAF93482A9F644600EF1E7F /* Products */;
			projectDirPath = "";
			projectRoot = "";
			targets = (
				7DAF93462A9F644600EF1E7F /* betterRest */,
				7DAF93562A9F644700EF1E7F /* betterRestTests */,
				7DAF93602A9F644700EF1E7F /* betterRestUITests */,
			);
		};
/* End PBXProject section */

/* Begin PBXResourcesBuildPhase section */
		7DAF93452A9F644600EF1E7F /* Resources */ = {
			isa = PBXResourcesBuildPhase;
			buildActionMask = 2147483647;
			files = (
				7DAF93522A9F644700EF1E7F /* Preview Assets.xcassets in Resources */,
				7DAF934F2A9F644700EF1E7F /* Assets.xcassets in Resources */,
			);
			runOnlyForDeploymentPostprocessing = 0;
		};
		7DAF93552A9F644700EF1E7F /* Resources */ = {
			isa = PBXResourcesBuildPhase;
			buildActionMask = 2147483647;
			files = (
			);
			runOnlyForDeploymentPostprocessing = 0;
		};
		7DAF935F2A9F644700EF1E7F /* Resources */ = {
			isa = PBXResourcesBuildPhase;
			buildActionMask = 2147483647;
			files = (
			);
			runOnlyForDeploymentPostprocessing = 0;
		};
/* End PBXResourcesBuildPhase section */

/* Begin PBXSourcesBuildPhase section */
		7DAF93432A9F644600EF1E7F /* Sources */ = {
			isa = PBXSourcesBuildPhase;
			buildActionMask = 2147483647;
			files = (
				7D81624B2A9FCBDE00AFDA3A /* SleepCalculator.mlmodel in Sources */,
				7DAF934D2A9F644600EF1E7F /* ContentView.swift in Sources */,
				7DAF934B2A9F644600EF1E7F /* betterRestApp.swift in Sources */,
			);
			runOnlyForDeploymentPostprocessing = 0;
		};
		7DAF93532A9F644700EF1E7F /* Sources */ = {
			isa = PBXSourcesBuildPhase;
			buildActionMask = 2147483647;
			files = (
				7DAF935C2A9F644700EF1E7F /* betterRestTests.swift in Sources */,
			);
			runOnlyForDeploymentPostprocessing = 0;
		};
		7DAF935D2A9F644700EF1E7F /* Sources */ = {
			isa = PBXSourcesBuildPhase;
			buildActionMask = 2147483647;
			files = (
				7DAF93682A9F644700EF1E7F /* betterRestUITestsLaunchTests.swift in Sources */,
				7DAF93662A9F644700EF1E7F /* betterRestUITests.swift in Sources */,
			);
			runOnlyForDeploymentPostprocessing = 0;
		};
/* End PBXSourcesBuildPhase section */

/* Begin PBXTargetDependency section */
		7DAF93592A9F644700EF1E7F /* PBXTargetDependency */ = {
			isa = PBXTargetDependency;
			target = 7DAF93462A9F644600EF1E7F /* betterRest */;
			targetProxy = 7DAF93582A9F644700EF1E7F /* PBXContainerItemProxy */;
		};
		7DAF93632A9F644700EF1E7F /* PBXTargetDependency */ = {
			isa = PBXTargetDependency;
			target = 7DAF93462A9F644600EF1E7F /* betterRest */;
			targetProxy = 7DAF93622A9F644700EF1E7F /* PBXContainerItemProxy */;
		};
/* End PBXTargetDependency section */

/* Begin XCBuildConfiguration section */
		7DAF93692A9F644700EF1E7F /* Debug */ = {
			isa = XCBuildConfiguration;
			buildSettings = {
				ALWAYS_SEARCH_USER_PATHS = NO;
				CLANG_ANALYZER_NONNULL = YES;
				CLANG_ANALYZER_NUMBER_OBJECT_CONVERSION = YES_AGGRESSIVE;
				CLANG_CXX_LANGUAGE_STANDARD = "gnu++20";
				CLANG_ENABLE_MODULES = YES;
				CLANG_ENABLE_OBJC_ARC = YES;
				CLANG_ENABLE_OBJC_WEAK = YES;
				CLANG_WARN_BLOCK_CAPTURE_AUTORELEASING = YES;
				CLANG_WARN_BOOL_CONVERSION = YES;
				CLANG_WARN_COMMA = YES;
				CLANG_WARN_CONSTANT_CONVERSION = YES;
				CLANG_WARN_DEPRECATED_OBJC_IMPLEMENTATIONS = YES;
				CLANG_WARN_DIRECT_OBJC_ISA_USAGE = YES_ERROR;
				CLANG_WARN_DOCUMENTATION_COMMENTS = YES;
				CLANG_WARN_EMPTY_BODY = YES;
				CLANG_WARN_ENUM_CONVERSION = YES;
				CLANG_WARN_INFINITE_RECURSION = YES;
				CLANG_WARN_INT_CONVERSION = YES;
				CLANG_WARN_NON_LITERAL_NULL_CONVERSION = YES;
				CLANG_WARN_OBJC_IMPLICIT_RETAIN_SELF = YES;
				CLANG_WARN_OBJC_LITERAL_CONVERSION = YES;
				CLANG_WARN_OBJC_ROOT_CLASS = YES_ERROR;
				CLANG_WARN_QUOTED_INCLUDE_IN_FRAMEWORK_HEADER = YES;
				CLANG_WARN_RANGE_LOOP_ANALYSIS = YES;
				CLANG_WARN_STRICT_PROTOTYPES = YES;
				CLANG_WARN_SUSPICIOUS_MOVE = YES;
				CLANG_WARN_UNGUARDED_AVAILABILITY = YES_AGGRESSIVE;
				CLANG_WARN_UNREACHABLE_CODE = YES;
				CLANG_WARN__DUPLICATE_METHOD_MATCH = YES;
				COPY_PHASE_STRIP = NO;
				DEBUG_INFORMATION_FORMAT = dwarf;
				ENABLE_STRICT_OBJC_MSGSEND = YES;
				ENABLE_TESTABILITY = YES;
				GCC_C_LANGUAGE_STANDARD = gnu11;
				GCC_DYNAMIC_NO_PIC = NO;
				GCC_NO_COMMON_BLOCKS = YES;
				GCC_OPTIMIZATION_LEVEL = 0;
				GCC_PREPROCESSOR_DEFINITIONS = (
					"DEBUG=1",
					"$(inherited)",
				);
				GCC_WARN_64_TO_32_BIT_CONVERSION = YES;
				GCC_WARN_ABOUT_RETURN_TYPE = YES_ERROR;
				GCC_WARN_UNDECLARED_SELECTOR = YES;
				GCC_WARN_UNINITIALIZED_AUTOS = YES_AGGRESSIVE;
				GCC_WARN_UNUSED_FUNCTION = YES;
				GCC_WARN_UNUSED_VARIABLE = YES;
				IPHONEOS_DEPLOYMENT_TARGET = 16.4;
				MTL_ENABLE_DEBUG_INFO = INCLUDE_SOURCE;
				MTL_FAST_MATH = YES;
				ONLY_ACTIVE_ARCH = YES;
				SDKROOT = iphoneos;
				SWIFT_ACTIVE_COMPILATION_CONDITIONS = DEBUG;
				SWIFT_OPTIMIZATION_LEVEL = "-Onone";
			};
			name = Debug;
		};
		7DAF936A2A9F644700EF1E7F /* Release */ = {
			isa = XCBuildConfiguration;
			buildSettings = {
				ALWAYS_SEARCH_USER_PATHS = NO;
				CLANG_ANALYZER_NONNULL = YES;
				CLANG_ANALYZER_NUMBER_OBJECT_CONVERSION = YES_AGGRESSIVE;
				CLANG_CXX_LANGUAGE_STANDARD = "gnu++20";
				CLANG_ENABLE_MODULES = YES;
				CLANG_ENABLE_OBJC_ARC = YES;
				CLANG_ENABLE_OBJC_WEAK = YES;
				CLANG_WARN_BLOCK_CAPTURE_AUTORELEASING = YES;
				CLANG_WARN_BOOL_CONVERSION = YES;
				CLANG_WARN_COMMA = YES;
				CLANG_WARN_CONSTANT_CONVERSION = YES;
				CLANG_WARN_DEPRECATED_OBJC_IMPLEMENTATIONS = YES;
				CLANG_WARN_DIRECT_OBJC_ISA_USAGE = YES_ERROR;
				CLANG_WARN_DOCUMENTATION_COMMENTS = YES;
				CLANG_WARN_EMPTY_BODY = YES;
				CLANG_WARN_ENUM_CONVERSION = YES;
				CLANG_WARN_INFINITE_RECURSION = YES;
				CLANG_WARN_INT_CONVERSION = YES;
				CLANG_WARN_NON_LITERAL_NULL_CONVERSION = YES;
				CLANG_WARN_OBJC_IMPLICIT_RETAIN_SELF = YES;
				CLANG_WARN_OBJC_LITERAL_CONVERSION = YES;
				CLANG_WARN_OBJC_ROOT_CLASS = YES_ERROR;
				CLANG_WARN_QUOTED_INCLUDE_IN_FRAMEWORK_HEADER = YES;
				CLANG_WARN_RANGE_LOOP_ANALYSIS = YES;
				CLANG_WARN_STRICT_PROTOTYPES = YES;
				CLANG_WARN_SUSPICIOUS_MOVE = YES;
				CLANG_WARN_UNGUARDED_AVAILABILITY = YES_AGGRESSIVE;
				CLANG_WARN_UNREACHABLE_CODE = YES;
				CLANG_WARN__DUPLICATE_METHOD_MATCH = YES;
				COPY_PHASE_STRIP = NO;
				DEBUG_INFORMATION_FORMAT = "dwarf-with-dsym";
				ENABLE_NS_ASSERTIONS = NO;
				ENABLE_STRICT_OBJC_MSGSEND = YES;
				GCC_C_LANGUAGE_STANDARD = gnu11;
				GCC_NO_COMMON_BLOCKS = YES;
				GCC_WARN_64_TO_32_BIT_CONVERSION = YES;
				GCC_WARN_ABOUT_RETURN_TYPE = YES_ERROR;
				GCC_WARN_UNDECLARED_SELECTOR = YES;
				GCC_WARN_UNINITIALIZED_AUTOS = YES_AGGRESSIVE;
				GCC_WARN_UNUSED_FUNCTION = YES;
				GCC_WARN_UNUSED_VARIABLE = YES;
				IPHONEOS_DEPLOYMENT_TARGET = 16.4;
				MTL_ENABLE_DEBUG_INFO = NO;
				MTL_FAST_MATH = YES;
				SDKROOT = iphoneos;
				SWIFT_COMPILATION_MODE = wholemodule;
				SWIFT_OPTIMIZATION_LEVEL = "-O";
				VALIDATE_PRODUCT = YES;
			};
			name = Release;
		};
		7DAF936C2A9F644700EF1E7F /* Debug */ = {
			isa = XCBuildConfiguration;
			buildSettings = {
				ASSETCATALOG_COMPILER_APPICON_NAME = AppIcon;
				ASSETCATALOG_COMPILER_GLOBAL_ACCENT_COLOR_NAME = AccentColor;
				CODE_SIGN_STYLE = Automatic;
				CURRENT_PROJECT_VERSION = 1;
				DEVELOPMENT_ASSET_PATHS = "\"betterRest/Preview Content\"";
				ENABLE_PREVIEWS = YES;
				GENERATE_INFOPLIST_FILE = YES;
				INFOPLIST_KEY_UIApplicationSceneManifest_Generation = YES;
				INFOPLIST_KEY_UIApplicationSupportsIndirectInputEvents = YES;
				INFOPLIST_KEY_UILaunchScreen_Generation = YES;
				INFOPLIST_KEY_UISupportedInterfaceOrientations_iPad = "UIInterfaceOrientationPortrait UIInterfaceOrientationPortraitUpsideDown UIInterfaceOrientationLandscapeLeft UIInterfaceOrientationLandscapeRight";
				INFOPLIST_KEY_UISupportedInterfaceOrientations_iPhone = "UIInterfaceOrientationPortrait UIInterfaceOrientationLandscapeLeft UIInterfaceOrientationLandscapeRight";
				LD_RUNPATH_SEARCH_PATHS = (
					"$(inherited)",
					"@executable_path/Frameworks",
				);
				MARKETING_VERSION = 1.0;
				PRODUCT_BUNDLE_IDENTIFIER = vourlax.betterRest;
				PRODUCT_NAME = "$(TARGET_NAME)";
				SWIFT_EMIT_LOC_STRINGS = YES;
				SWIFT_VERSION = 5.0;
				TARGETED_DEVICE_FAMILY = "1,2";
			};
			name = Debug;
		};
		7DAF936D2A9F644700EF1E7F /* Release */ = {
			isa = XCBuildConfiguration;
			buildSettings = {
				ASSETCATALOG_COMPILER_APPICON_NAME = AppIcon;
				ASSETCATALOG_COMPILER_GLOBAL_ACCENT_COLOR_NAME = AccentColor;
				CODE_SIGN_STYLE = Automatic;
				CURRENT_PROJECT_VERSION = 1;
				DEVELOPMENT_ASSET_PATHS = "\"betterRest/Preview Content\"";
				ENABLE_PREVIEWS = YES;
				GENERATE_INFOPLIST_FILE = YES;
				INFOPLIST_KEY_UIApplicationSceneManifest_Generation = YES;
				INFOPLIST_KEY_UIApplicationSupportsIndirectInputEvents = YES;
				INFOPLIST_KEY_UILaunchScreen_Generation = YES;
				INFOPLIST_KEY_UISupportedInterfaceOrientations_iPad = "UIInterfaceOrientationPortrait UIInterfaceOrientationPortraitUpsideDown UIInterfaceOrientationLandscapeLeft UIInterfaceOrientationLandscapeRight";
				INFOPLIST_KEY_UISupportedInterfaceOrientations_iPhone = "UIInterfaceOrientationPortrait UIInterfaceOrientationLandscapeLeft UIInterfaceOrientationLandscapeRight";
				LD_RUNPATH_SEARCH_PATHS = (
					"$(inherited)",
					"@executable_path/Frameworks",
				);
				MARKETING_VERSION = 1.0;
				PRODUCT_BUNDLE_IDENTIFIER = vourlax.betterRest;
				PRODUCT_NAME = "$(TARGET_NAME)";
				SWIFT_EMIT_LOC_STRINGS = YES;
				SWIFT_VERSION = 5.0;
				TARGETED_DEVICE_FAMILY = "1,2";
			};
			name = Release;
		};
		7DAF936F2A9F644700EF1E7F /* Debug */ = {
			isa = XCBuildConfiguration;
			buildSettings = {
				ALWAYS_EMBED_SWIFT_STANDARD_LIBRARIES = YES;
				BUNDLE_LOADER = "$(TEST_HOST)";
				CODE_SIGN_STYLE = Automatic;
				CURRENT_PROJECT_VERSION = 1;
				GENERATE_INFOPLIST_FILE = YES;
				IPHONEOS_DEPLOYMENT_TARGET = 16.4;
				MARKETING_VERSION = 1.0;
				PRODUCT_BUNDLE_IDENTIFIER = vourlax.betterRestTests;
				PRODUCT_NAME = "$(TARGET_NAME)";
				SWIFT_EMIT_LOC_STRINGS = NO;
				SWIFT_VERSION = 5.0;
				TARGETED_DEVICE_FAMILY = "1,2";
				TEST_HOST = "$(BUILT_PRODUCTS_DIR)/betterRest.app/$(BUNDLE_EXECUTABLE_FOLDER_PATH)/betterRest";
			};
			name = Debug;
		};
		7DAF93702A9F644700EF1E7F /* Release */ = {
			isa = XCBuildConfiguration;
			buildSettings = {
				ALWAYS_EMBED_SWIFT_STANDARD_LIBRARIES = YES;
				BUNDLE_LOADER = "$(TEST_HOST)";
				CODE_SIGN_STYLE = Automatic;
				CURRENT_PROJECT_VERSION = 1;
				GENERATE_INFOPLIST_FILE = YES;
				IPHONEOS_DEPLOYMENT_TARGET = 16.4;
				MARKETING_VERSION = 1.0;
				PRODUCT_BUNDLE_IDENTIFIER = vourlax.betterRestTests;
				PRODUCT_NAME = "$(TARGET_NAME)";
				SWIFT_EMIT_LOC_STRINGS = NO;
				SWIFT_VERSION = 5.0;
				TARGETED_DEVICE_FAMILY = "1,2";
				TEST_HOST = "$(BUILT_PRODUCTS_DIR)/betterRest.app/$(BUNDLE_EXECUTABLE_FOLDER_PATH)/betterRest";
			};
			name = Release;
		};
		7DAF93722A9F644700EF1E7F /* Debug */ = {
			isa = XCBuildConfiguration;
			buildSettings = {
				ALWAYS_EMBED_SWIFT_STANDARD_LIBRARIES = YES;
				CODE_SIGN_STYLE = Automatic;
				CURRENT_PROJECT_VERSION = 1;
				GENERATE_INFOPLIST_FILE = YES;
				MARKETING_VERSION = 1.0;
				PRODUCT_BUNDLE_IDENTIFIER = vourlax.betterRestUITests;
				PRODUCT_NAME = "$(TARGET_NAME)";
				SWIFT_EMIT_LOC_STRINGS = NO;
				SWIFT_VERSION = 5.0;
				TARGETED_DEVICE_FAMILY = "1,2";
				TEST_TARGET_NAME = betterRest;
			};
			name = Debug;
		};
		7DAF93732A9F644700EF1E7F /* Release */ = {
			isa = XCBuildConfiguration;
			buildSettings = {
				ALWAYS_EMBED_SWIFT_STANDARD_LIBRARIES = YES;
				CODE_SIGN_STYLE = Automatic;
				CURRENT_PROJECT_VERSION = 1;
				GENERATE_INFOPLIST_FILE = YES;
				MARKETING_VERSION = 1.0;
				PRODUCT_BUNDLE_IDENTIFIER = vourlax.betterRestUITests;
				PRODUCT_NAME = "$(TARGET_NAME)";
				SWIFT_EMIT_LOC_STRINGS = NO;
				SWIFT_VERSION = 5.0;
				TARGETED_DEVICE_FAMILY = "1,2";
				TEST_TARGET_NAME = betterRest;
			};
			name = Release;
		};
/* End XCBuildConfiguration section */

/* Begin XCConfigurationList section */
		7DAF93422A9F644600EF1E7F /* Build configuration list for PBXProject "betterRest" */ = {
			isa = XCConfigurationList;
			buildConfigurations = (
				7DAF93692A9F644700EF1E7F /* Debug */,
				7DAF936A2A9F644700EF1E7F /* Release */,
			);
			defaultConfigurationIsVisible = 0;
			defaultConfigurationName = Release;
		};
		7DAF936B2A9F644700EF1E7F /* Build configuration list for PBXNativeTarget "betterRest" */ = {
			isa = XCConfigurationList;
			buildConfigurations = (
				7DAF936C2A9F644700EF1E7F /* Debug */,
				7DAF936D2A9F644700EF1E7F /* Release */,
			);
			defaultConfigurationIsVisible = 0;
			defaultConfigurationName = Release;
		};
		7DAF936E2A9F644700EF1E7F /* Build configuration list for PBXNativeTarget "betterRestTests" */ = {
			isa = XCConfigurationList;
			buildConfigurations = (
				7DAF936F2A9F644700EF1E7F /* Debug */,
				7DAF93702A9F644700EF1E7F /* Release */,
			);
			defaultConfigurationIsVisible = 0;
			defaultConfigurationName = Release;
		};
		7DAF93712A9F644700EF1E7F /* Build configuration list for PBXNativeTarget "betterRestUITests" */ = {
			isa = XCConfigurationList;
			buildConfigurations = (
				7DAF93722A9F644700EF1E7F /* Debug */,
				7DAF93732A9F644700EF1E7F /* Release */,
			);
			defaultConfigurationIsVisible = 0;
			defaultConfigurationName = Release;
		};
/* End XCConfigurationList section */
	};
	rootObject = 7DAF933F2A9F644600EF1E7F /* Project object */;
}
